
Microsoft Visual Studio Solution File, Format Version 12.00
# Visual Studio 14
VisualStudioVersion = 14.0.23107.0
MinimumVisualStudioVersion = 10.0.40219.1
Project("{FAE04EC0-301F-11D3-BF4B-00C04F79EFBC}") = "RegistroCuentas", "RegistroCuentas\RegistroCuentas.csproj", "{404DD366-6152-41BB-B53C-F33675BC6FE2}"
EndProject
Project("{FAE04EC0-301F-11D3-BF4B-00C04F79EFBC}") = "BLL", "BLL\BLL.csproj", "{9C6FE61B-4A9C-4109-9005-515352A80848}"
EndProject
Project("{FAE04EC0-301F-11D3-BF4B-00C04F79EFBC}") = "DAL", "DAL\DAL.csproj", "{8D813BAC-A0DA-4815-BA58-78DBE4995DE1}"
EndProject
Global
	GlobalSection(SolutionConfigurationPlatforms) = preSolution
		Debug|Any CPU = Debug|Any CPU
		Release|Any CPU = Release|Any CPU
	EndGlobalSection
	GlobalSection(ProjectConfigurationPlatforms) = postSolution
		{404DD366-6152-41BB-B53C-F33675BC6FE2}.Debug|Any CPU.ActiveCfg = Debug|Any CPU
		{404DD366-6152-41BB-B53C-F33675BC6FE2}.Debug|Any CPU.Build.0 = Debug|Any CPU
		{404DD366-6152-41BB-B53C-F33675BC6FE2}.Release|Any CPU.ActiveCfg = Release|Any CPU
		{404DD366-6152-41BB-B53C-F33675BC6FE2}.Release|Any CPU.Build.0 = Release|Any CPU
		{9C6FE61B-4A9C-4109-9005-515352A80848}.Debug|Any CPU.ActiveCfg = Debug|Any CPU
		{9C6FE61B-4A9C-4109-9005-515352A80848}.Debug|Any CPU.Build.0 = Debug|Any CPU
		{9C6FE61B-4A9C-4109-9005-515352A80848}.Release|Any CPU.ActiveCfg = Release|Any CPU
		{9C6FE61B-4A9C-4109-9005-515352A80848}.Release|Any CPU.Build.0 = Release|Any CPU
		{8D813BAC-A0DA-4815-BA58-78DBE4995DE1}.Debug|Any CPU.ActiveCfg = Debug|Any CPU
		{8D813BAC-A0DA-4815-BA58-78DBE4995DE1}.Debug|Any CPU.Build.0 = Debug|Any CPU
		{8D813BAC-A0DA-4815-BA58-78DBE4995DE1}.Release|Any CPU.ActiveCfg = Release|Any CPU
		{8D813BAC-A0DA-4815-BA58-78DBE4995DE1}.Release|Any CPU.Build.0 = Release|Any CPU
	EndGlobalSection
	GlobalSection(SolutionProperties) = preSolution
		HideSolutionNode = FALSE
	EndGlobalSection
EndGlobal
